// !$*UTF8*$!
{
	archiveVersion = 1;
	classes = {
	};
	objectVersion = 50;
	objects = {

/* Begin PBXBuildFile section */
		FD36691C20E387E600AFBD9F /* AppDelegate.swift in Sources */ = {isa = PBXBuildFile; fileRef = FD36691B20E387E600AFBD9F /* AppDelegate.swift */; };
		FD36691E20E387E600AFBD9F /* ViewController.swift in Sources */ = {isa = PBXBuildFile; fileRef = FD36691D20E387E600AFBD9F /* ViewController.swift */; };
		FD36692120E387E600AFBD9F /* Main.storyboard in Resources */ = {isa = PBXBuildFile; fileRef = FD36691F20E387E600AFBD9F /* Main.storyboard */; };
		FD36692320E387E800AFBD9F /* Assets.xcassets in Resources */ = {isa = PBXBuildFile; fileRef = FD36692220E387E800AFBD9F /* Assets.xcassets */; };
		FD36692620E387E800AFBD9F /* LaunchScreen.storyboard in Resources */ = {isa = PBXBuildFile; fileRef = FD36692420E387E800AFBD9F /* LaunchScreen.storyboard */; };
		FD36692E20E388D700AFBD9F /* RASExample.swift in Sources */ = {isa = PBXBuildFile; fileRef = FD36692D20E388D700AFBD9F /* RASExample.swift */; };
/* End PBXBuildFile section */

/* Begin PBXFileReference section */
		FD36691820E387E600AFBD9F /* EncryptionDemos.app */ = {isa = PBXFileReference; explicitFileType = wrapper.application; includeInIndex = 0; path = EncryptionDemos.app; sourceTree = BUILT_PRODUCTS_DIR; };
		FD36691B20E387E600AFBD9F /* AppDelegate.swift */ = {isa = PBXFileReference; lastKnownFileType = sourcecode.swift; path = AppDelegate.swift; sourceTree = "<group>"; };
		FD36691D20E387E600AFBD9F /* ViewController.swift */ = {isa = PBXFileReference; lastKnownFileType = sourcecode.swift; path = ViewController.swift; sourceTree = "<group>"; };
		FD36692020E387E600AFBD9F /* Base */ = {isa = PBXFileReference; lastKnownFileType = file.storyboard; name = Base; path = Base.lproj/Main.storyboard; sourceTree = "<group>"; };
		FD36692220E387E800AFBD9F /* Assets.xcassets */ = {isa = PBXFileReference; lastKnownFileType = folder.assetcatalog; path = Assets.xcassets; sourceTree = "<group>"; };
		FD36692520E387E800AFBD9F /* Base */ = {isa = PBXFileReference; lastKnownFileType = file.storyboard; name = Base; path = Base.lproj/LaunchScreen.storyboard; sourceTree = "<group>"; };
		FD36692720E387E800AFBD9F /* Info.plist */ = {isa = PBXFileReference; lastKnownFileType = text.plist.xml; path = Info.plist; sourceTree = "<group>"; };
		FD36692D20E388D700AFBD9F /* RASExample.swift */ = {isa = PBXFileReference; lastKnownFileType = sourcecode.swift; path = RASExample.swift; sourceTree = "<group>"; };
/* End PBXFileReference section */

/* Begin PBXFrameworksBuildPhase section */
		FD36691520E387E600AFBD9F /* Frameworks */ = {
			isa = PBXFrameworksBuildPhase;
			buildActionMask = 2147483647;
			files = (
			);
			runOnlyForDeploymentPostprocessing = 0;
		};
/* End PBXFrameworksBuildPhase section */

/* Begin PBXGroup section */
		FD36690F20E387E600AFBD9F = {
			isa = PBXGroup;
			children = (
				FD36691A20E387E600AFBD9F /* EncryptionDemos */,
				FD36691920E387E600AFBD9F /* Products */,
			);
			sourceTree = "<group>";
		};
		FD36691920E387E600AFBD9F /* Products */ = {
			isa = PBXGroup;
			children = (
				FD36691820E387E600AFBD9F /* EncryptionDemos.app */,
			);
			name = Products;
			sourceTree = "<group>";
		};
		FD36691A20E387E600AFBD9F /* EncryptionDemos */ = {
			isa = PBXGroup;
			children = (
				FD36691B20E387E600AFBD9F /* AppDelegate.swift */,
				FD36691D20E387E600AFBD9F /* ViewController.swift */,
				FD36692D20E388D700AFBD9F /* RASExample.swift */,
				FD36691F20E387E600AFBD9F /* Main.storyboard */,
				FD36692220E387E800AFBD9F /* Assets.xcassets */,
				FD36692420E387E800AFBD9F /* LaunchScreen.storyboard */,
				FD36692720E387E800AFBD9F /* Info.plist */,
			);
			path = EncryptionDemos;
			sourceTree = "<group>";
		};
/* End PBXGroup section */

/* Begin PBXNativeTarget section */
		FD36691720E387E600AFBD9F /* EncryptionDemos */ = {
			isa = PBXNativeTarget;
			buildConfigurationList = FD36692A20E387E800AFBD9F /* Build configuration list for PBXNativeTarget "EncryptionDemos" */;
			buildPhases = (
				FD36691420E387E600AFBD9F /* Sources */,
				FD36691520E387E600AFBD9F /* Frameworks */,
				FD36691620E387E600AFBD9F /* Resources */,
			);
			buildRules = (
			);
			dependencies = (
			);
			name = EncryptionDemos;
			productName = EncryptionDemos;
			productReference = FD36691820E387E600AFBD9F /* EncryptionDemos.app */;
			productType = "com.apple.product-type.application";
		};
/* End PBXNativeTarget section */

/* Begin PBXProject section */
		FD36691020E387E600AFBD9F /* Project object */ = {
			isa = PBXProject;
			attributes = {
				LastSwiftUpdateCheck = 0940;
				LastUpgradeCheck = 0940;
				ORGANIZATIONNAME = "Deepak P. Patil";
				TargetAttributes = {
					FD36691720E387E600AFBD9F = {
						CreatedOnToolsVersion = 9.4;
					};
				};
			};
			buildConfigurationList = FD36691320E387E600AFBD9F /* Build configuration list for PBXProject "EncryptionDemos" */;
			compatibilityVersion = "Xcode 9.3";
			developmentRegion = en;
			hasScannedForEncodings = 0;
			knownRegions = (
				en,
				Base,
			);
			mainGroup = FD36690F20E387E600AFBD9F;
			productRefGroup = FD36691920E387E600AFBD9F /* Products */;
			projectDirPath = "";
			projectRoot = "";
			targets = (
				FD36691720E387E600AFBD9F /* EncryptionDemos */,
			);
		};
/* End PBXProject section */

/* Begin PBXResourcesBuildPhase section */
		FD36691620E387E600AFBD9F /* Resources */ = {
			isa = PBXResourcesBuildPhase;
			buildActionMask = 2147483647;
			files = (
				FD36692620E387E800AFBD9F /* LaunchScreen.storyboard in Resources */,
				FD36692320E387E800AFBD9F /* Assets.xcassets in Resources */,
				FD36692120E387E600AFBD9F /* Main.storyboard in Resources */,
			);
			runOnlyForDeploymentPostprocessing = 0;
		};
/* End PBXResourcesBuildPhase section */

/* Begin PBXSourcesBuildPhase section */
		FD36691420E387E600AFBD9F /* Sources */ = {
			isa = PBXSourcesBuildPhase;
			buildActionMask = 2147483647;
			files = (
				FD36691E20E387E600AFBD9F /* ViewController.swift in Sources */,
				FD36692E20E388D700AFBD9F /* RASExample.swift in Sources */,
				FD36691C20E387E600AFBD9F /* AppDelegate.swift in Sources */,
			);
			runOnlyForDeploymentPostprocessing = 0;
		};
/* End PBXSourcesBuildPhase section */

/* Begin PBXVariantGroup section */
		FD36691F20E387E600AFBD9F /* Main.storyboard */ = {
			isa = PBXVariantGroup;
			children = (
				FD36692020E387E600AFBD9F /* Base */,
			);
			name = Main.storyboard;
			sourceTree = "<group>";
		};
		FD36692420E387E800AFBD9F /* LaunchScreen.storyboard */ = {
			isa = PBXVariantGroup;
			children = (
				FD36692520E387E800AFBD9F /* Base */,
			);
			name = LaunchScreen.storyboard;
			sourceTree = "<group>";
		};
/* End PBXVariantGroup section */

/* Begin XCBuildConfiguration section */
		FD36692820E387E800AFBD9F /* Debug */ = {
			isa = XCBuildConfiguration;
			buildSettings = {
				ALWAYS_SEARCH_USER_PATHS = NO;
				CLANG_ANALYZER_NONNULL = YES;
				CLANG_ANALYZER_NUMBER_OBJECT_CONVERSION = YES_AGGRESSIVE;
				CLANG_CXX_LANGUAGE_STANDARD = "gnu++14";
				CLANG_CXX_LIBRARY = "libc++";
				CLANG_ENABLE_MODULES = YES;
				CLANG_ENABLE_OBJC_ARC = YES;
				CLANG_ENABLE_OBJC_WEAK = YES;
				CLANG_WARN_BLOCK_CAPTURE_AUTORELEASING = YES;
				CLANG_WARN_BOOL_CONVERSION = YES;
				CLANG_WARN_COMMA = YES;
				CLANG_WARN_CONSTANT_CONVERSION = YES;
				CLANG_WARN_DEPRECATED_OBJC_IMPLEMENTATIONS = YES;
				CLANG_WARN_DIRECT_OBJC_ISA_USAGE = YES_ERROR;
				CLANG_WARN_DOCUMENTATION_COMMENTS = YES;
				CLANG_WARN_EMPTY_BODY = YES;
				CLANG_WARN_ENUM_CONVERSION = YES;
				CLANG_WARN_INFINITE_RECURSION = YES;
				CLANG_WARN_INT_CONVERSION = YES;
				CLANG_WARN_NON_LITERAL_NULL_CONVERSION = YES;
				CLANG_WARN_OBJC_IMPLICIT_RETAIN_SELF = YES;
				CLANG_WARN_OBJC_LITERAL_CONVERSION = YES;
				CLANG_WARN_OBJC_ROOT_CLASS = YES_ERROR;
				CLANG_WARN_RANGE_LOOP_ANALYSIS = YES;
				CLANG_WARN_STRICT_PROTOTYPES = YES;
				CLANG_WARN_SUSPICIOUS_MOVE = YES;
				CLANG_WARN_UNGUARDED_AVAILABILITY = YES_AGGRESSIVE;
				CLANG_WARN_UNREACHABLE_CODE = YES;
				CLANG_WARN__DUPLICATE_METHOD_MATCH = YES;
				CODE_SIGN_IDENTITY = "iPhone Developer";
				COPY_PHASE_STRIP = NO;
				DEBUG_INFORMATION_FORMAT = dwarf;
				ENABLE_STRICT_OBJC_MSGSEND = YES;
				ENABLE_TESTABILITY = YES;
				GCC_C_LANGUAGE_STANDARD = gnu11;
				GCC_DYNAMIC_NO_PIC = NO;
				GCC_NO_COMMON_BLOCKS = YES;
				GCC_OPTIMIZATION_LEVEL = 0;
				GCC_PREPROCESSOR_DEFINITIONS = (
					"DEBUG=1",
					"$(inherited)",
				);
				GCC_WARN_64_TO_32_BIT_CONVERSION = YES;
				GCC_WARN_ABOUT_RETURN_TYPE = YES_ERROR;
				GCC_WARN_UNDECLARED_SELECTOR = YES;
				GCC_WARN_UNINITIALIZED_AUTOS = YES_AGGRESSIVE;
				GCC_WARN_UNUSED_FUNCTION = YES;
				GCC_WARN_UNUSED_VARIABLE = YES;
				IPHONEOS_DEPLOYMENT_TARGET = 11.4;
				MTL_ENABLE_DEBUG_INFO = YES;
				ONLY_ACTIVE_ARCH = YES;
				SDKROOT = iphoneos;
				SWIFT_ACTIVE_COMPILATION_CONDITIONS = DEBUG;
				SWIFT_OPTIMIZATION_LEVEL = "-Onone";
			};
			name = Debug;
		};
		FD36692920E387E800AFBD9F /* Release */ = {
			isa = XCBuildConfiguration;
			buildSettings = {
				ALWAYS_SEARCH_USER_PATHS = NO;
				CLANG_ANALYZER_NONNULL = YES;
				CLANG_ANALYZER_NUMBER_OBJECT_CONVERSION = YES_AGGRESSIVE;
				CLANG_CXX_LANGUAGE_STANDARD = "gnu++14";
				CLANG_CXX_LIBRARY = "libc++";
				CLANG_ENABLE_MODULES = YES;
				CLANG_ENABLE_OBJC_ARC = YES;
				CLANG_ENABLE_OBJC_WEAK = YES;
				CLANG_WARN_BLOCK_CAPTURE_AUTORELEASING = YES;
				CLANG_WARN_BOOL_CONVERSION = YES;
				CLANG_WARN_COMMA = YES;
				CLANG_WARN_CONSTANT_CONVERSION = YES;
				CLANG_WARN_DEPRECATED_OBJC_IMPLEMENTATIONS = YES;
				CLANG_WARN_DIRECT_OBJC_ISA_USAGE = YES_ERROR;
				CLANG_WARN_DOCUMENTATION_COMMENTS = YES;
				CLANG_WARN_EMPTY_BODY = YES;
				CLANG_WARN_ENUM_CONVERSION = YES;
				CLANG_WARN_INFINITE_RECURSION = YES;
				CLANG_WARN_INT_CONVERSION = YES;
				CLANG_WARN_NON_LITERAL_NULL_CONVERSION = YES;
				CLANG_WARN_OBJC_IMPLICIT_RETAIN_SELF = YES;
				CLANG_WARN_OBJC_LITERAL_CONVERSION = YES;
				CLANG_WARN_OBJC_ROOT_CLASS = YES_ERROR;
				CLANG_WARN_RANGE_LOOP_ANALYSIS = YES;
				CLANG_WARN_STRICT_PROTOTYPES = YES;
				CLANG_WARN_SUSPICIOUS_MOVE = YES;
				CLANG_WARN_UNGUARDED_AVAILABILITY = YES_AGGRESSIVE;
				CLANG_WARN_UNREACHABLE_CODE = YES;
				CLANG_WARN__DUPLICATE_METHOD_MATCH = YES;
				CODE_SIGN_IDENTITY = "iPhone Developer";
				COPY_PHASE_STRIP = NO;
				DEBUG_INFORMATION_FORMAT = "dwarf-with-dsym";
				ENABLE_NS_ASSERTIONS = NO;
				ENABLE_STRICT_OBJC_MSGSEND = YES;
				GCC_C_LANGUAGE_STANDARD = gnu11;
				GCC_NO_COMMON_BLOCKS = YES;
				GCC_WARN_64_TO_32_BIT_CONVERSION = YES;
				GCC_WARN_ABOUT_RETURN_TYPE = YES_ERROR;
				GCC_WARN_UNDECLARED_SELECTOR = YES;
				GCC_WARN_UNINITIALIZED_AUTOS = YES_AGGRESSIVE;
				GCC_WARN_UNUSED_FUNCTION = YES;
				GCC_WARN_UNUSED_VARIABLE = YES;
				IPHONEOS_DEPLOYMENT_TARGET = 11.4;
				MTL_ENABLE_DEBUG_INFO = NO;
				SDKROOT = iphoneos;
				SWIFT_COMPILATION_MODE = wholemodule;
				SWIFT_OPTIMIZATION_LEVEL = "-O";
				VALIDATE_PRODUCT = YES;
			};
			name = Release;
		};
		FD36692B20E387E800AFBD9F /* Debug */ = {
			isa = XCBuildConfiguration;
			buildSettings = {
				ASSETCATALOG_COMPILER_APPICON_NAME = AppIcon;
				CODE_SIGN_STYLE = Automatic;
				INFOPLIST_FILE = EncryptionDemos/Info.plist;
				LD_RUNPATH_SEARCH_PATHS = (
					"$(inherited)",
					"@executable_path/Frameworks",
				);
				PRODUCT_BUNDLE_IDENTIFIER = com.deepak.patil.EncryptionDemos;
				PRODUCT_NAME = "$(TARGET_NAME)";
				SWIFT_VERSION = 4.0;
				TARGETED_DEVICE_FAMILY = "1,2";
			};
			name = Debug;
		};
		FD36692C20E387E800AFBD9F /* Release */ = {
			isa = XCBuildConfiguration;
			buildSettings = {
				ASSETCATALOG_COMPILER_APPICON_NAME = AppIcon;
				CODE_SIGN_STYLE = Automatic;
				INFOPLIST_FILE = EncryptionDemos/Info.plist;
				LD_RUNPATH_SEARCH_PATHS = (
					"$(inherited)",
					"@executable_path/Frameworks",
				);
				PRODUCT_BUNDLE_IDENTIFIER = com.deepak.patil.EncryptionDemos;
				PRODUCT_NAME = "$(TARGET_NAME)";
				SWIFT_VERSION = 4.0;
				TARGETED_DEVICE_FAMILY = "1,2";
			};
			name = Release;
		};
/* End XCBuildConfiguration section */

/* Begin XCConfigurationList section */
		FD36691320E387E600AFBD9F /* Build configuration list for PBXProject "EncryptionDemos" */ = {
			isa = XCConfigurationList;
			buildConfigurations = (
				FD36692820E387E800AFBD9F /* Debug */,
				FD36692920E387E800AFBD9F /* Release */,
			);
			defaultConfigurationIsVisible = 0;
			defaultConfigurationName = Release;
		};
		FD36692A20E387E800AFBD9F /* Build configuration list for PBXNativeTarget "EncryptionDemos" */ = {
			isa = XCConfigurationList;
			buildConfigurations = (
				FD36692B20E387E800AFBD9F /* Debug */,
				FD36692C20E387E800AFBD9F /* Release */,
			);
			defaultConfigurationIsVisible = 0;
			defaultConfigurationName = Release;
		};
/* End XCConfigurationList section */
	};
	rootObject = FD36691020E387E600AFBD9F /* Project object */;
}
